
Microsoft Visual Studio Solution File, Format Version 12.00
# Visual Studio Version 17
VisualStudioVersion = 17.11.35327.3
MinimumVisualStudioVersion = 10.0.40219.1
Project("{FAE04EC0-301F-11D3-BF4B-00C04F79EFBC}") = "CDShop", "CDShop\CDShop.csproj", "{8EF316E2-4BF6-43EE-93E1-6BC186F98174}"
EndProject
Global
	GlobalSection(SolutionConfigurationPlatforms) = preSolution
		Debug|Any CPU = Debug|Any CPU
		Release|Any CPU = Release|Any CPU
	EndGlobalSection
	GlobalSection(ProjectConfigurationPlatforms) = postSolution
		{8EF316E2-4BF6-43EE-93E1-6BC186F98174}.Debug|Any CPU.ActiveCfg = Debug|Any CPU
		{8EF316E2-4BF6-43EE-93E1-6BC186F98174}.Debug|Any CPU.Build.0 = Debug|Any CPU
		{8EF316E2-4BF6-43EE-93E1-6BC186F98174}.Release|Any CPU.ActiveCfg = Release|Any CPU
		{8EF316E2-4BF6-43EE-93E1-6BC186F98174}.Release|Any CPU.Build.0 = Release|Any CPU
	EndGlobalSection
	GlobalSection(SolutionProperties) = preSolution
		HideSolutionNode = FALSE
	EndGlobalSection
	GlobalSection(ExtensibilityGlobals) = postSolution
		SolutionGuid = {3AFFC12D-878E-4F7B-9BC1-096B57B248EC}
	EndGlobalSection
EndGlobal
